// !$*UTF8*$!
{
	archiveVersion = 1;
	classes = {
	};
	objectVersion = 56;
	objects = {

/* Begin PBXBuildFile section */
		44A1F4C52B813BAB008E58CC /* AppEntry.swift in Sources */ = {isa = PBXBuildFile; fileRef = 44A1F4C42B813BAB008E58CC /* AppEntry.swift */; };
		44A1F4CB2B813BAD008E58CC /* Assets.xcassets in Resources */ = {isa = PBXBuildFile; fileRef = 44A1F4CA2B813BAD008E58CC /* Assets.xcassets */; };
		44A1F4CE2B813BAD008E58CC /* Preview Assets.xcassets in Resources */ = {isa = PBXBuildFile; fileRef = 44A1F4CD2B813BAD008E58CC /* Preview Assets.xcassets */; };
		44A1F4D72B814394008E58CC /* GoalData.swift in Sources */ = {isa = PBXBuildFile; fileRef = 44A1F4D62B814394008E58CC /* GoalData.swift */; };
		44A1F4D92B814CCB008E58CC /* MainView.swift in Sources */ = {isa = PBXBuildFile; fileRef = 44A1F4D82B814CCB008E58CC /* MainView.swift */; };
		44A1F4DB2B815D8E008E58CC /* Homepage.swift in Sources */ = {isa = PBXBuildFile; fileRef = 44A1F4DA2B815D8E008E58CC /* Homepage.swift */; };
		44A1F4DD2B816887008E58CC /* EmptyMyGoalsView.swift in Sources */ = {isa = PBXBuildFile; fileRef = 44A1F4DC2B816887008E58CC /* EmptyMyGoalsView.swift */; };
		44A1F4DF2B81696B008E58CC /* MyGoalsView.swift in Sources */ = {isa = PBXBuildFile; fileRef = 44A1F4DE2B81696B008E58CC /* MyGoalsView.swift */; };
		44A1F4E12B8169DF008E58CC /* CreateNewGoal.swift in Sources */ = {isa = PBXBuildFile; fileRef = 44A1F4E02B8169DF008E58CC /* CreateNewGoal.swift */; };
/* End PBXBuildFile section */

/* Begin PBXFileReference section */
		44A1F4C12B813BAB008E58CC /* Health Goals.app */ = {isa = PBXFileReference; explicitFileType = wrapper.application; includeInIndex = 0; path = "Health Goals.app"; sourceTree = BUILT_PRODUCTS_DIR; };
		44A1F4C42B813BAB008E58CC /* AppEntry.swift */ = {isa = PBXFileReference; lastKnownFileType = sourcecode.swift; path = AppEntry.swift; sourceTree = "<group>"; };
		44A1F4CA2B813BAD008E58CC /* Assets.xcassets */ = {isa = PBXFileReference; lastKnownFileType = folder.assetcatalog; path = Assets.xcassets; sourceTree = "<group>"; };
		44A1F4CD2B813BAD008E58CC /* Preview Assets.xcassets */ = {isa = PBXFileReference; lastKnownFileType = folder.assetcatalog; path = "Preview Assets.xcassets"; sourceTree = "<group>"; };
		44A1F4D62B814394008E58CC /* GoalData.swift */ = {isa = PBXFileReference; lastKnownFileType = sourcecode.swift; path = GoalData.swift; sourceTree = "<group>"; };
		44A1F4D82B814CCB008E58CC /* MainView.swift */ = {isa = PBXFileReference; lastKnownFileType = sourcecode.swift; path = MainView.swift; sourceTree = "<group>"; };
		44A1F4DA2B815D8E008E58CC /* Homepage.swift */ = {isa = PBXFileReference; lastKnownFileType = sourcecode.swift; path = Homepage.swift; sourceTree = "<group>"; };
		44A1F4DC2B816887008E58CC /* EmptyMyGoalsView.swift */ = {isa = PBXFileReference; lastKnownFileType = sourcecode.swift; path = EmptyMyGoalsView.swift; sourceTree = "<group>"; };
		44A1F4DE2B81696B008E58CC /* MyGoalsView.swift */ = {isa = PBXFileReference; lastKnownFileType = sourcecode.swift; path = MyGoalsView.swift; sourceTree = "<group>"; };
		44A1F4E02B8169DF008E58CC /* CreateNewGoal.swift */ = {isa = PBXFileReference; lastKnownFileType = sourcecode.swift; path = CreateNewGoal.swift; sourceTree = "<group>"; };
/* End PBXFileReference section */

/* Begin PBXFrameworksBuildPhase section */
		44A1F4BE2B813BAB008E58CC /* Frameworks */ = {
			isa = PBXFrameworksBuildPhase;
			buildActionMask = 2147483647;
			files = (
			);
			runOnlyForDeploymentPostprocessing = 0;
		};
/* End PBXFrameworksBuildPhase section */

/* Begin PBXGroup section */
		44A1F4B82B813BAB008E58CC = {
			isa = PBXGroup;
			children = (
				44A1F4C32B813BAB008E58CC /* Health Goals */,
				44A1F4C22B813BAB008E58CC /* Products */,
			);
			sourceTree = "<group>";
		};
		44A1F4C22B813BAB008E58CC /* Products */ = {
			isa = PBXGroup;
			children = (
				44A1F4C12B813BAB008E58CC /* Health Goals.app */,
			);
			name = Products;
			sourceTree = "<group>";
		};
		44A1F4C32B813BAB008E58CC /* Health Goals */ = {
			isa = PBXGroup;
			children = (
				44A1F4D52B813C9A008E58CC /* CreateNewGoal */,
				44A1F4D42B813C86008E58CC /* Homepage */,
				44A1F4C42B813BAB008E58CC /* AppEntry.swift */,
				44A1F4D82B814CCB008E58CC /* MainView.swift */,
				44A1F4D62B814394008E58CC /* GoalData.swift */,
				44A1F4CA2B813BAD008E58CC /* Assets.xcassets */,
				44A1F4CC2B813BAD008E58CC /* Preview Content */,
			);
			path = "Health Goals";
			sourceTree = "<group>";
		};
		44A1F4CC2B813BAD008E58CC /* Preview Content */ = {
			isa = PBXGroup;
			children = (
				44A1F4CD2B813BAD008E58CC /* Preview Assets.xcassets */,
			);
			path = "Preview Content";
			sourceTree = "<group>";
		};
		44A1F4D42B813C86008E58CC /* Homepage */ = {
			isa = PBXGroup;
			children = (
				44A1F4DA2B815D8E008E58CC /* Homepage.swift */,
				44A1F4DC2B816887008E58CC /* EmptyMyGoalsView.swift */,
				44A1F4DE2B81696B008E58CC /* MyGoalsView.swift */,
			);
			path = Homepage;
			sourceTree = "<group>";
		};
		44A1F4D52B813C9A008E58CC /* CreateNewGoal */ = {
			isa = PBXGroup;
			children = (
				44A1F4E02B8169DF008E58CC /* CreateNewGoal.swift */,
			);
			path = CreateNewGoal;
			sourceTree = "<group>";
		};
/* End PBXGroup section */

/* Begin PBXNativeTarget section */
		44A1F4C02B813BAB008E58CC /* Health Goals */ = {
			isa = PBXNativeTarget;
			buildConfigurationList = 44A1F4D12B813BAD008E58CC /* Build configuration list for PBXNativeTarget "Health Goals" */;
			buildPhases = (
				44A1F4BD2B813BAB008E58CC /* Sources */,
				44A1F4BE2B813BAB008E58CC /* Frameworks */,
				44A1F4BF2B813BAB008E58CC /* Resources */,
			);
			buildRules = (
			);
			dependencies = (
			);
			name = "Health Goals";
			productName = "Health Goals";
			productReference = 44A1F4C12B813BAB008E58CC /* Health Goals.app */;
			productType = "com.apple.product-type.application";
		};
/* End PBXNativeTarget section */

/* Begin PBXProject section */
		44A1F4B92B813BAB008E58CC /* Project object */ = {
			isa = PBXProject;
			attributes = {
				BuildIndependentTargetsInParallel = 1;
				LastSwiftUpdateCheck = 1520;
				LastUpgradeCheck = 1520;
				TargetAttributes = {
					44A1F4C02B813BAB008E58CC = {
						CreatedOnToolsVersion = 15.2;
					};
				};
			};
			buildConfigurationList = 44A1F4BC2B813BAB008E58CC /* Build configuration list for PBXProject "Health Goals" */;
			compatibilityVersion = "Xcode 14.0";
			developmentRegion = en;
			hasScannedForEncodings = 0;
			knownRegions = (
				en,
				Base,
			);
			mainGroup = 44A1F4B82B813BAB008E58CC;
			productRefGroup = 44A1F4C22B813BAB008E58CC /* Products */;
			projectDirPath = "";
			projectRoot = "";
			targets = (
				44A1F4C02B813BAB008E58CC /* Health Goals */,
			);
		};
/* End PBXProject section */

/* Begin PBXResourcesBuildPhase section */
		44A1F4BF2B813BAB008E58CC /* Resources */ = {
			isa = PBXResourcesBuildPhase;
			buildActionMask = 2147483647;
			files = (
				44A1F4CE2B813BAD008E58CC /* Preview Assets.xcassets in Resources */,
				44A1F4CB2B813BAD008E58CC /* Assets.xcassets in Resources */,
			);
			runOnlyForDeploymentPostprocessing = 0;
		};
/* End PBXResourcesBuildPhase section */

/* Begin PBXSourcesBuildPhase section */
		44A1F4BD2B813BAB008E58CC /* Sources */ = {
			isa = PBXSourcesBuildPhase;
			buildActionMask = 2147483647;
			files = (
				44A1F4D72B814394008E58CC /* GoalData.swift in Sources */,
				44A1F4DF2B81696B008E58CC /* MyGoalsView.swift in Sources */,
				44A1F4E12B8169DF008E58CC /* CreateNewGoal.swift in Sources */,
				44A1F4D92B814CCB008E58CC /* MainView.swift in Sources */,
				44A1F4C52B813BAB008E58CC /* AppEntry.swift in Sources */,
				44A1F4DB2B815D8E008E58CC /* Homepage.swift in Sources */,
				44A1F4DD2B816887008E58CC /* EmptyMyGoalsView.swift in Sources */,
			);
			runOnlyForDeploymentPostprocessing = 0;
		};
/* End PBXSourcesBuildPhase section */

/* Begin XCBuildConfiguration section */
		44A1F4CF2B813BAD008E58CC /* Debug */ = {
			isa = XCBuildConfiguration;
			buildSettings = {
				ALWAYS_SEARCH_USER_PATHS = NO;
				ASSETCATALOG_COMPILER_GENERATE_SWIFT_ASSET_SYMBOL_EXTENSIONS = YES;
				CLANG_ANALYZER_NONNULL = YES;
				CLANG_ANALYZER_NUMBER_OBJECT_CONVERSION = YES_AGGRESSIVE;
				CLANG_CXX_LANGUAGE_STANDARD = "gnu++20";
				CLANG_ENABLE_MODULES = YES;
				CLANG_ENABLE_OBJC_ARC = YES;
				CLANG_ENABLE_OBJC_WEAK = YES;
				CLANG_WARN_BLOCK_CAPTURE_AUTORELEASING = YES;
				CLANG_WARN_BOOL_CONVERSION = YES;
				CLANG_WARN_COMMA = YES;
				CLANG_WARN_CONSTANT_CONVERSION = YES;
				CLANG_WARN_DEPRECATED_OBJC_IMPLEMENTATIONS = YES;
				CLANG_WARN_DIRECT_OBJC_ISA_USAGE = YES_ERROR;
				CLANG_WARN_DOCUMENTATION_COMMENTS = YES;
				CLANG_WARN_EMPTY_BODY = YES;
				CLANG_WARN_ENUM_CONVERSION = YES;
				CLANG_WARN_INFINITE_RECURSION = YES;
				CLANG_WARN_INT_CONVERSION = YES;
				CLANG_WARN_NON_LITERAL_NULL_CONVERSION = YES;
				CLANG_WARN_OBJC_IMPLICIT_RETAIN_SELF = YES;
				CLANG_WARN_OBJC_LITERAL_CONVERSION = YES;
				CLANG_WARN_OBJC_ROOT_CLASS = YES_ERROR;
				CLANG_WARN_QUOTED_INCLUDE_IN_FRAMEWORK_HEADER = YES;
				CLANG_WARN_RANGE_LOOP_ANALYSIS = YES;
				CLANG_WARN_STRICT_PROTOTYPES = YES;
				CLANG_WARN_SUSPICIOUS_MOVE = YES;
				CLANG_WARN_UNGUARDED_AVAILABILITY = YES_AGGRESSIVE;
				CLANG_WARN_UNREACHABLE_CODE = YES;
				CLANG_WARN__DUPLICATE_METHOD_MATCH = YES;
				COPY_PHASE_STRIP = NO;
				DEBUG_INFORMATION_FORMAT = dwarf;
				ENABLE_STRICT_OBJC_MSGSEND = YES;
				ENABLE_TESTABILITY = YES;
				ENABLE_USER_SCRIPT_SANDBOXING = YES;
				GCC_C_LANGUAGE_STANDARD = gnu17;
				GCC_DYNAMIC_NO_PIC = NO;
				GCC_NO_COMMON_BLOCKS = YES;
				GCC_OPTIMIZATION_LEVEL = 0;
				GCC_PREPROCESSOR_DEFINITIONS = (
					"DEBUG=1",
					"$(inherited)",
				);
				GCC_WARN_64_TO_32_BIT_CONVERSION = YES;
				GCC_WARN_ABOUT_RETURN_TYPE = YES_ERROR;
				GCC_WARN_UNDECLARED_SELECTOR = YES;
				GCC_WARN_UNINITIALIZED_AUTOS = YES_AGGRESSIVE;
				GCC_WARN_UNUSED_FUNCTION = YES;
				GCC_WARN_UNUSED_VARIABLE = YES;
				IPHONEOS_DEPLOYMENT_TARGET = 17.2;
				LOCALIZATION_PREFERS_STRING_CATALOGS = YES;
				MTL_ENABLE_DEBUG_INFO = INCLUDE_SOURCE;
				MTL_FAST_MATH = YES;
				ONLY_ACTIVE_ARCH = YES;
				SDKROOT = iphoneos;
				SWIFT_ACTIVE_COMPILATION_CONDITIONS = "DEBUG $(inherited)";
				SWIFT_OPTIMIZATION_LEVEL = "-Onone";
			};
			name = Debug;
		};
		44A1F4D02B813BAD008E58CC /* Release */ = {
			isa = XCBuildConfiguration;
			buildSettings = {
				ALWAYS_SEARCH_USER_PATHS = NO;
				ASSETCATALOG_COMPILER_GENERATE_SWIFT_ASSET_SYMBOL_EXTENSIONS = YES;
				CLANG_ANALYZER_NONNULL = YES;
				CLANG_ANALYZER_NUMBER_OBJECT_CONVERSION = YES_AGGRESSIVE;
				CLANG_CXX_LANGUAGE_STANDARD = "gnu++20";
				CLANG_ENABLE_MODULES = YES;
				CLANG_ENABLE_OBJC_ARC = YES;
				CLANG_ENABLE_OBJC_WEAK = YES;
				CLANG_WARN_BLOCK_CAPTURE_AUTORELEASING = YES;
				CLANG_WARN_BOOL_CONVERSION = YES;
				CLANG_WARN_COMMA = YES;
				CLANG_WARN_CONSTANT_CONVERSION = YES;
				CLANG_WARN_DEPRECATED_OBJC_IMPLEMENTATIONS = YES;
				CLANG_WARN_DIRECT_OBJC_ISA_USAGE = YES_ERROR;
				CLANG_WARN_DOCUMENTATION_COMMENTS = YES;
				CLANG_WARN_EMPTY_BODY = YES;
				CLANG_WARN_ENUM_CONVERSION = YES;
				CLANG_WARN_INFINITE_RECURSION = YES;
				CLANG_WARN_INT_CONVERSION = YES;
				CLANG_WARN_NON_LITERAL_NULL_CONVERSION = YES;
				CLANG_WARN_OBJC_IMPLICIT_RETAIN_SELF = YES;
				CLANG_WARN_OBJC_LITERAL_CONVERSION = YES;
				CLANG_WARN_OBJC_ROOT_CLASS = YES_ERROR;
				CLANG_WARN_QUOTED_INCLUDE_IN_FRAMEWORK_HEADER = YES;
				CLANG_WARN_RANGE_LOOP_ANALYSIS = YES;
				CLANG_WARN_STRICT_PROTOTYPES = YES;
				CLANG_WARN_SUSPICIOUS_MOVE = YES;
				CLANG_WARN_UNGUARDED_AVAILABILITY = YES_AGGRESSIVE;
				CLANG_WARN_UNREACHABLE_CODE = YES;
				CLANG_WARN__DUPLICATE_METHOD_MATCH = YES;
				COPY_PHASE_STRIP = NO;
				DEBUG_INFORMATION_FORMAT = "dwarf-with-dsym";
				ENABLE_NS_ASSERTIONS = NO;
				ENABLE_STRICT_OBJC_MSGSEND = YES;
				ENABLE_USER_SCRIPT_SANDBOXING = YES;
				GCC_C_LANGUAGE_STANDARD = gnu17;
				GCC_NO_COMMON_BLOCKS = YES;
				GCC_WARN_64_TO_32_BIT_CONVERSION = YES;
				GCC_WARN_ABOUT_RETURN_TYPE = YES_ERROR;
				GCC_WARN_UNDECLARED_SELECTOR = YES;
				GCC_WARN_UNINITIALIZED_AUTOS = YES_AGGRESSIVE;
				GCC_WARN_UNUSED_FUNCTION = YES;
				GCC_WARN_UNUSED_VARIABLE = YES;
				IPHONEOS_DEPLOYMENT_TARGET = 17.2;
				LOCALIZATION_PREFERS_STRING_CATALOGS = YES;
				MTL_ENABLE_DEBUG_INFO = NO;
				MTL_FAST_MATH = YES;
				SDKROOT = iphoneos;
				SWIFT_COMPILATION_MODE = wholemodule;
				VALIDATE_PRODUCT = YES;
			};
			name = Release;
		};
		44A1F4D22B813BAD008E58CC /* Debug */ = {
			isa = XCBuildConfiguration;
			buildSettings = {
				ASSETCATALOG_COMPILER_APPICON_NAME = AppIcon;
				ASSETCATALOG_COMPILER_GLOBAL_ACCENT_COLOR_NAME = AccentColor;
				CODE_SIGN_STYLE = Automatic;
				CURRENT_PROJECT_VERSION = 1;
				DEVELOPMENT_ASSET_PATHS = "\"Health Goals/Preview Content\"";
				DEVELOPMENT_TEAM = P3PXN4U4LS;
				ENABLE_PREVIEWS = YES;
				GENERATE_INFOPLIST_FILE = YES;
				INFOPLIST_KEY_UIApplicationSceneManifest_Generation = YES;
				INFOPLIST_KEY_UIApplicationSupportsIndirectInputEvents = YES;
				INFOPLIST_KEY_UILaunchScreen_Generation = YES;
				INFOPLIST_KEY_UISupportedInterfaceOrientations_iPad = "UIInterfaceOrientationPortrait UIInterfaceOrientationPortraitUpsideDown UIInterfaceOrientationLandscapeLeft UIInterfaceOrientationLandscapeRight";
				INFOPLIST_KEY_UISupportedInterfaceOrientations_iPhone = "UIInterfaceOrientationPortrait UIInterfaceOrientationLandscapeLeft UIInterfaceOrientationLandscapeRight";
				LD_RUNPATH_SEARCH_PATHS = (
					"$(inherited)",
					"@executable_path/Frameworks",
				);
				MARKETING_VERSION = 1.0;
				PRODUCT_BUNDLE_IDENTIFIER = "kochashvili.Health-Goals";
				PRODUCT_NAME = "$(TARGET_NAME)";
				SWIFT_EMIT_LOC_STRINGS = YES;
				SWIFT_VERSION = 5.0;
				TARGETED_DEVICE_FAMILY = "1,2";
			};
			name = Debug;
		};
		44A1F4D32B813BAD008E58CC /* Release */ = {
			isa = XCBuildConfiguration;
			buildSettings = {
				ASSETCATALOG_COMPILER_APPICON_NAME = AppIcon;
				ASSETCATALOG_COMPILER_GLOBAL_ACCENT_COLOR_NAME = AccentColor;
				CODE_SIGN_STYLE = Automatic;
				CURRENT_PROJECT_VERSION = 1;
				DEVELOPMENT_ASSET_PATHS = "\"Health Goals/Preview Content\"";
				DEVELOPMENT_TEAM = P3PXN4U4LS;
				ENABLE_PREVIEWS = YES;
				GENERATE_INFOPLIST_FILE = YES;
				INFOPLIST_KEY_UIApplicationSceneManifest_Generation = YES;
				INFOPLIST_KEY_UIApplicationSupportsIndirectInputEvents = YES;
				INFOPLIST_KEY_UILaunchScreen_Generation = YES;
				INFOPLIST_KEY_UISupportedInterfaceOrientations_iPad = "UIInterfaceOrientationPortrait UIInterfaceOrientationPortraitUpsideDown UIInterfaceOrientationLandscapeLeft UIInterfaceOrientationLandscapeRight";
				INFOPLIST_KEY_UISupportedInterfaceOrientations_iPhone = "UIInterfaceOrientationPortrait UIInterfaceOrientationLandscapeLeft UIInterfaceOrientationLandscapeRight";
				LD_RUNPATH_SEARCH_PATHS = (
					"$(inherited)",
					"@executable_path/Frameworks",
				);
				MARKETING_VERSION = 1.0;
				PRODUCT_BUNDLE_IDENTIFIER = "kochashvili.Health-Goals";
				PRODUCT_NAME = "$(TARGET_NAME)";
				SWIFT_EMIT_LOC_STRINGS = YES;
				SWIFT_VERSION = 5.0;
				TARGETED_DEVICE_FAMILY = "1,2";
			};
			name = Release;
		};
/* End XCBuildConfiguration section */

/* Begin XCConfigurationList section */
		44A1F4BC2B813BAB008E58CC /* Build configuration list for PBXProject "Health Goals" */ = {
			isa = XCConfigurationList;
			buildConfigurations = (
				44A1F4CF2B813BAD008E58CC /* Debug */,
				44A1F4D02B813BAD008E58CC /* Release */,
			);
			defaultConfigurationIsVisible = 0;
			defaultConfigurationName = Release;
		};
		44A1F4D12B813BAD008E58CC /* Build configuration list for PBXNativeTarget "Health Goals" */ = {
			isa = XCConfigurationList;
			buildConfigurations = (
				44A1F4D22B813BAD008E58CC /* Debug */,
				44A1F4D32B813BAD008E58CC /* Release */,
			);
			defaultConfigurationIsVisible = 0;
			defaultConfigurationName = Release;
		};
/* End XCConfigurationList section */
	};
	rootObject = 44A1F4B92B813BAB008E58CC /* Project object */;
}
